<Solution>
  <Project Path="RavenDB.Samples.Verity.App/RavenDB.Samples.Verity.App.csproj" />
  <Project Path="RavenDB.Samples.Verity.AppHost/RavenDB.Samples.Verity.AppHost.csproj" />
  <Project Path="RavenDB.Samples.Verity.DataSubscriptionsApp/RavenDB.Samples.Verity.DataSubscriptionsApp.csproj" />
  <Project Path="RavenDB.Samples.Verity.Model/RavenDB.Samples.Verity.Model.csproj" />
  <Project Path="RavenDB.Samples.Verity.ServiceDefaults/RavenDB.Samples.Verity.ServiceDefaults.csproj" />
  <Project Path="RavenDB.Samples.Verity.Setup/RavenDB.Samples.Verity.Setup.csproj" Id="86b61c56-8650-4ae9-837e-6dd86e031144" />
</Solution>
